
Microsoft Visual Studio Solution File, Format Version 12.00
# Visual Studio 15
VisualStudioVersion = 15.0.27703.2047
MinimumVisualStudioVersion = 10.0.40219.1
Project("{FAE04EC0-301F-11D3-BF4B-00C04F79EFBC}") = "FileProcess", "FileProcess\FileProcess.csproj", "{21D6F5FE-A32E-4B76-8106-25A0D6D6497B}"
EndProject
Global
	GlobalSection(SolutionConfigurationPlatforms) = preSolution
		Debug|Any CPU = Debug|Any CPU
		Release|Any CPU = Release|Any CPU
	EndGlobalSection
	GlobalSection(ProjectConfigurationPlatforms) = postSolution
		{21D6F5FE-A32E-4B76-8106-25A0D6D6497B}.Debug|Any CPU.ActiveCfg = Debug|Any CPU
		{21D6F5FE-A32E-4B76-8106-25A0D6D6497B}.Debug|Any CPU.Build.0 = Debug|Any CPU
		{21D6F5FE-A32E-4B76-8106-25A0D6D6497B}.Release|Any CPU.ActiveCfg = Release|Any CPU
		{21D6F5FE-A32E-4B76-8106-25A0D6D6497B}.Release|Any CPU.Build.0 = Release|Any CPU
	EndGlobalSection
	GlobalSection(SolutionProperties) = preSolution
		HideSolutionNode = FALSE
	EndGlobalSection
	GlobalSection(ExtensibilityGlobals) = postSolution
		SolutionGuid = {AC1572A5-637A-4961-B1C8-F83D31E8D66E}
	EndGlobalSection
EndGlobal
